{
  "name": "worldfixture-emulate",
  "version": "1.5.0",
  "lockfileVersion": 3,
  "requires": true,
  "packages": {
    "": {
      "name": "worldfixture-emulate",
      "version": "1.5.0",
      "license": "Apache-2.0",
      "dependencies": {
        "@emulators/apple": "0.10.0",
        "@emulators/aws": "0.10.0",
        "@emulators/clerk": "0.10.0",
        "@emulators/core": "0.10.0",
        "@emulators/github": "0.10.0",
        "@emulators/google": "0.10.0",
        "@emulators/microsoft": "0.10.0",
        "@emulators/mongoatlas": "0.10.0",
        "@emulators/okta": "0.10.0",
        "@emulators/resend": "0.10.0",
        "@emulators/slack": "0.10.0",
        "@emulators/stripe": "0.10.0",
        "@emulators/vercel": "0.10.0",
        "ajv": "8.20.0",
        "ajv-formats": "3.0.1",
        "emulate": "0.10.0",
        "jose": "6.1.0",
        "yaml": "2.8.1"
      },
      "devDependencies": {
        "@notionhq/client": "5.26.0",
        "@notionhq/workers": "0.9.0"
      }
    },
    "node_modules/@emulators/apple": {
      "version": "0.10.0",
      "resolved": "https://registry.npmjs.org/@emulators/apple/-/apple-0.10.0.tgz",
      "integrity": "sha512-kwQTGrMSWlydRwSf7ZCpjCcZfy76XDXcJMJP0VUIz66/NOZpVmAdK2PBvGsa2khzcYfHcEaIWGVPgwXr5Ql6Sw==",
      "license": "Apache-2.0",
      "dependencies": {
        "@emulators/core": "0.10.0",
        "jose": "^6"
      }
    },
    "node_modules/@emulators/aws": {
      "version": "0.10.0",
      "resolved": "https://registry.npmjs.org/@emulators/aws/-/aws-0.10.0.tgz",
      "integrity": "sha512-aWknfUw9adQfgm6WxjZ2PXNXxZY2hmVSyd+SlbeD9iVY2v+yc2tdmQfmRLB2MIoIOe2xL6kSgMnSqVIqfEs1jg==",
      "license": "Apache-2.0",
      "dependencies": {
        "@emulators/core": "0.10.0"
      }
    },
    "node_modules/@emulators/clerk": {
      "version": "0.10.0",
      "resolved": "https://registry.npmjs.org/@emulators/clerk/-/clerk-0.10.0.tgz",
      "integrity": "sha512-Q5Pe+AJSP/FowcpuOsbuI12e0DTiHez/xjNrftwqFuPhHur4Q9ZoXVfQNaYMEbSXBbLat4Zf0fGQRGDVx3NMYA==",
      "license": "Apache-2.0",
      "dependencies": {
        "@emulators/core": "0.10.0",
        "jose": "^6"
      }
    },
    "node_modules/@emulators/core": {
      "version": "0.10.0",
      "resolved": "https://registry.npmjs.org/@emulators/core/-/core-0.10.0.tgz",
      "integrity": "sha512-QBRw3gHw83pDLS5bqMDOxbx+jTVXQCcEOPLsDQkXXxGTlCKtyYReAwLFGl/r+83O9rzJBDLX//NT2Mq4iVxYaw==",
      "license": "Apache-2.0",
      "dependencies": {
        "jose": "^6.2.2"
      }
    },
    "node_modules/@emulators/core/node_modules/jose": {
      "version": "6.2.9",
      "resolved": "https://registry.npmjs.org/jose/-/jose-6.2.9.tgz",
      "integrity": "sha512-XrchZOFZUl/T3vTwRe8XK+cJrGtMF4th1ARnDfwbBXFKThGhlsxEE4Zu03AD/bjJSt/9jT/mxrOCkJWOg77aPA==",
      "license": "MIT",
      "funding": {
        "url": "https://github.com/sponsors/panva"
      }
    },
    "node_modules/@emulators/github": {
      "version": "0.10.0",
      "resolved": "https://registry.npmjs.org/@emulators/github/-/github-0.10.0.tgz",
      "integrity": "sha512-ObasWCsJXw+6mT71QO/6RprqTLTm4xnhfEcDgg8qiP/5Tb/4z+q5Z3DNT1OzjoRvsXtxWF9ST5zF2bv6vWnVow==",
      "license": "Apache-2.0",
      "dependencies": {
        "@emulators/core": "0.10.0"
      }
    },
    "node_modules/@emulators/google": {
      "version": "0.10.0",
      "resolved": "https://registry.npmjs.org/@emulators/google/-/google-0.10.0.tgz",
      "integrity": "sha512-6k4HPS4VeDRTDtCHj3nCBauaLFb91CQzVSP2LHpaHL8SLv394pn9y5aC6TxYx4P2NFGBJ/2I3aHVmhKhw6QH7A==",
      "license": "Apache-2.0",
      "dependencies": {
        "@emulators/core": "0.10.0",
        "jose": "^6"
      }
    },
    "node_modules/@emulators/microsoft": {
      "version": "0.10.0",
      "resolved": "https://registry.npmjs.org/@emulators/microsoft/-/microsoft-0.10.0.tgz",
      "integrity": "sha512-5lthAauaV7unc8aB8MzJB5R7uxGwjkeHvRYrw4cjzILoejz/a4lzG0Rmoj0CU0mwKQBNzLIrLaqz5Z/i0yxMQA==",
      "license": "Apache-2.0",
      "dependencies": {
        "@emulators/core": "0.10.0",
        "jose": "^6"
      }
    },
    "node_modules/@emulators/mongoatlas": {
      "version": "0.10.0",
      "resolved": "https://registry.npmjs.org/@emulators/mongoatlas/-/mongoatlas-0.10.0.tgz",
      "integrity": "sha512-0im4nUfJhk8f8oAEtzSe2zqaYYwBssorZzA/7s/YipWgqNpfuX+pn/3srDdhkMZz4qTgWUuWUfyg5Jk/S8G5kA==",
      "license": "Apache-2.0",
      "dependencies": {
        "@emulators/core": "0.10.0"
      }
    },
    "node_modules/@emulators/okta": {
      "version": "0.10.0",
      "resolved": "https://registry.npmjs.org/@emulators/okta/-/okta-0.10.0.tgz",
      "integrity": "sha512-VPyj6SXP0bdZBl/BF1PD7nzA+oO4TnQm0yfSM2Td3R5eoDkQHozI9t1a+LUmMZQxcPLkzAJzcFkSrxXPx3BDzA==",
      "license": "Apache-2.0",
      "dependencies": {
        "@emulators/core": "0.10.0",
        "jose": "^6"
      }
    },
    "node_modules/@emulators/resend": {
      "version": "0.10.0",
      "resolved": "https://registry.npmjs.org/@emulators/resend/-/resend-0.10.0.tgz",
      "integrity": "sha512-4TCXpfjLKcDKwLqkETSBz/caG7sn/UKcPUOjHNBub+fKmrVQpToEBmYTsKkJC0euHDUx9cUl0KrNJuw4mDQdug==",
      "license": "Apache-2.0",
      "dependencies": {
        "@emulators/core": "0.10.0"
      }
    },
    "node_modules/@emulators/slack": {
      "version": "0.10.0",
      "resolved": "https://registry.npmjs.org/@emulators/slack/-/slack-0.10.0.tgz",
      "integrity": "sha512-QiyFKDeFrQujQ/sRMzTr2zGhOK7J2+EGR0mJToG3X6mu/ksfgZrA9+5YqMj38d2+NSVH/mdfiCtvLe6mzDsD5Q==",
      "license": "Apache-2.0",
      "dependencies": {
        "@emulators/core": "0.10.0"
      }
    },
    "node_modules/@emulators/stripe": {
      "version": "0.10.0",
      "resolved": "https://registry.npmjs.org/@emulators/stripe/-/stripe-0.10.0.tgz",
      "integrity": "sha512-2/PriGzsUeTuEioRt4njSbDEj7mkVGO2mpo/1Oxw6llKjAKxjaHgfA6Kj/gE3uiKl1VKmCW7L59vevA85uvwIA==",
      "license": "Apache-2.0",
      "dependencies": {
        "@emulators/core": "0.10.0"
      }
    },
    "node_modules/@emulators/vercel": {
      "version": "0.10.0",
      "resolved": "https://registry.npmjs.org/@emulators/vercel/-/vercel-0.10.0.tgz",
      "integrity": "sha512-MRDRwX5cu1RcI/2XllNhU8rnZPzym21M1w3z7Y/Akb2qM9hUnaQpKRSN07Da2ajzOgMg6tgkl5UYgZDM1JCI2g==",
      "license": "Apache-2.0",
      "dependencies": {
        "@emulators/core": "0.10.0"
      }
    },
    "node_modules/@notionhq/client": {
      "version": "5.26.0",
      "resolved": "https://registry.npmjs.org/@notionhq/client/-/client-5.26.0.tgz",
      "integrity": "sha512-Oc3438nQ5YmZkVO7YJG8fcTYl0V46CirdCvO33azZ9f7ZfD2rsHE4fUVANJiBB9Xf1sqpCs82nd8oKPxeXLmMg==",
      "dev": true,
      "license": "MIT",
      "engines": {
        "node": ">=18"
      }
    },
    "node_modules/@notionhq/workers": {
      "version": "0.9.0",
      "resolved": "https://registry.npmjs.org/@notionhq/workers/-/workers-0.9.0.tgz",
      "integrity": "sha512-Zi5UvVQtuU0/OXxLyDHgmQwbpBKHH3xFDkndv2a9DeUal5lNN7hkcT/q0wTM5q80IxZC6joMYmOTR2Wor6S3Kw==",
      "dev": true,
      "license": "MIT",
      "dependencies": {
        "ajv": "^8.17.1",
        "ajv-formats": "^3.0.1",
        "rolldown": "^1.1.5"
      },
      "bin": {
        "notion-workers": "dist/alpha/cli/index.js"
      },
      "engines": {
        "node": ">=22.0.0",
        "npm": ">=10.9.2"
      },
      "peerDependencies": {
        "@notionhq/client": ">=2.2.15"
      }
    },
    "node_modules/@oxc-project/types": {
      "version": "0.148.0",
      "resolved": "https://registry.npmjs.org/@oxc-project/types/-/types-0.148.0.tgz",
      "integrity": "sha512-Nm4s/jB+4FpFsPhWGEC4h7rzksesmtnMXomo6rCMcg/b8zLQuOziRgkCS1fxDCXOlJB/6Q8oABOZ/OP6RIPj9A==",
      "dev": true,
      "license": "MIT",
      "funding": {
        "url": "https://github.com/sponsors/oxc-project"
      }
    },
    "node_modules/@rolldown/binding-android-arm-eabi": {
      "version": "1.2.7",
      "resolved": "https://registry.npmjs.org/@rolldown/binding-android-arm-eabi/-/binding-android-arm-eabi-1.2.7.tgz",
      "integrity": "sha512-EypzgnYCwyVY4NDHKzGmNJT5b+XaQEBniHxsMdeIQLB/tcCzZnhqrzHpZFbX9iaxx+5RiB8caATBtfvZP7zVxQ==",
      "cpu": [
        "arm"
      ],
      "dev": true,
      "license": "MIT",
      "optional": true,
      "os": [
        "android"
      ],
      "engines": {
        "node": "^20.19.0 || >=22.12.0"
      }
    },
    "node_modules/@rolldown/binding-android-arm64": {
      "version": "1.2.7",
      "resolved": "https://registry.npmjs.org/@rolldown/binding-android-arm64/-/binding-android-arm64-1.2.7.tgz",
      "integrity": "sha512-l17HE9EweWaqJZhuUuNBN/FzM62xw+DECVnJyvMsxn8vJFAGLy5QfLDoYAcronkAN8VxKZHezDpulHDPx95vFw==",
      "cpu": [
        "arm64"
      ],
      "dev": true,
      "license": "MIT",
      "optional": true,
      "os": [
        "android"
      ],
      "engines": {
        "node": "^20.19.0 || >=22.12.0"
      }
    },
    "node_modules/@rolldown/binding-darwin-arm64": {
      "version": "1.2.7",
      "resolved": "https://registry.npmjs.org/@rolldown/binding-darwin-arm64/-/binding-darwin-arm64-1.2.7.tgz",
      "integrity": "sha512-8ED8ELFvHXc6OCETIn4gXObPiaR6bckM/ipXtbzlPVDRMBfEGjCKgO90F9YtfdpDatVx/ZQw7aZ1vUMf/+T3Mw==",
      "cpu": [
        "arm64"
      ],
      "dev": true,
      "license": "MIT",
      "optional": true,
      "os": [
        "darwin"
      ],
      "engines": {
        "node": "^20.19.0 || >=22.12.0"
      }
    },
    "node_modules/@rolldown/binding-darwin-x64": {
      "version": "1.2.7",
      "resolved": "https://registry.npmjs.org/@rolldown/binding-darwin-x64/-/binding-darwin-x64-1.2.7.tgz",
      "integrity": "sha512-/WPripjtiAIZ2tWY7ddijORT0Ujg87wxWW/qcoFVCKAWVDPhtY0xr7Dj0M3GyNGz60jGwTElhro/mkF9dT7dDQ==",
      "cpu": [
        "x64"
      ],
      "dev": true,
      "license": "MIT",
      "optional": true,
      "os": [
        "darwin"
      ],
      "engines": {
        "node": "^20.19.0 || >=22.12.0"
      }
    },
    "node_modules/@rolldown/binding-freebsd-x64": {
      "version": "1.2.7",
      "resolved": "https://registry.npmjs.org/@rolldown/binding-freebsd-x64/-/binding-freebsd-x64-1.2.7.tgz",
      "integrity": "sha512-14DI4NcqpvbICxSnGLx3PmtDaWqRP/KGSGb6C+JLLVPeZRl6dKdHba3pGsqT3vpdTqhEYIPG0MMQ8c0xYqoJxA==",
      "cpu": [
        "x64"
      ],
      "dev": true,
      "license": "MIT",
      "optional": true,
      "os": [
        "freebsd"
      ],
      "engines": {
        "node": "^20.19.0 || >=22.12.0"
      }
    },
    "node_modules/@rolldown/binding-linux-arm-gnueabihf": {
      "version": "1.2.7",
      "resolved": "https://registry.npmjs.org/@rolldown/binding-linux-arm-gnueabihf/-/binding-linux-arm-gnueabihf-1.2.7.tgz",
      "integrity": "sha512-bxrWIRvHWQvbJwi+VIie/kDJmQxcNE6xxWwZdqF/ExVAigtHkv54WTLQPb+QsZdnFy18fg7JPfWGL0RH6vwIlQ==",
      "cpu": [
        "arm"
      ],
      "dev": true,
      "license": "MIT",
      "optional": true,
      "os": [
        "linux"
      ],
      "engines": {
        "node": "^20.19.0 || >=22.12.0"
      }
    },
    "node_modules/@rolldown/binding-linux-arm64-gnu": {
      "version": "1.2.7",
      "resolved": "https://registry.npmjs.org/@rolldown/binding-linux-arm64-gnu/-/binding-linux-arm64-gnu-1.2.7.tgz",
      "integrity": "sha512-toOY2BChBZyuxU7OYX6Tn389di4IzAqPTycVcci0O7FSfBqzRB3RZn+K5Is6ANf4tmgRd/K1yZTsNTXbkXsnLg==",
      "cpu": [
        "arm64"
      ],
      "dev": true,
      "libc": [
        "glibc"
      ],
      "license": "MIT",
      "optional": true,
      "os": [
        "linux"
      ],
      "engines": {
        "node": "^20.19.0 || >=22.12.0"
      }
    },
    "node_modules/@rolldown/binding-linux-arm64-musl": {
      "version": "1.2.7",
      "resolved": "https://registry.npmjs.org/@rolldown/binding-linux-arm64-musl/-/binding-linux-arm64-musl-1.2.7.tgz",
      "integrity": "sha512-lAIXTH/aiLRLxsTgQvfhjo4K1ydWIp00+V0voOr9beb/9ZmkUFrSIb03dXNFRgMNvkE6oGsF10ioQ6UsI+vS5Q==",
      "cpu": [
        "arm64"
      ],
      "dev": true,
      "libc": [
        "musl"
      ],
      "license": "MIT",
      "optional": true,
      "os": [
        "linux"
      ],
      "engines": {
        "node": "^20.19.0 || >=22.12.0"
      }
    },
    "node_modules/@rolldown/binding-linux-ppc64-gnu": {
      "version": "1.2.7",
      "resolved": "https://registry.npmjs.org/@rolldown/binding-linux-ppc64-gnu/-/binding-linux-ppc64-gnu-1.2.7.tgz",
      "integrity": "sha512-kdnwS28Pkenp/mZMRwjXXXwxQ7pIsm+bF919LUK93BOyhcLsrVKdP2p9fxpiPNPAbNuch8ypQt0pm2P2LYCAGg==",
      "cpu": [
        "ppc64"
      ],
      "dev": true,
      "libc": [
        "glibc"
      ],
      "license": "MIT",
      "optional": true,
      "os": [
        "linux"
      ],
      "engines": {
        "node": "^20.19.0 || >=22.12.0"
      }
    },
    "node_modules/@rolldown/binding-linux-s390x-gnu": {
      "version": "1.2.7",
      "resolved": "https://registry.npmjs.org/@rolldown/binding-linux-s390x-gnu/-/binding-linux-s390x-gnu-1.2.7.tgz",
      "integrity": "sha512-516OdsyLdr5E65paF3yBF55t8mfm9+gmtCsK3xI7XKXIT7EfRlHhxL8K/NR6Hu8BWSgF5+1w74lTL0+nxcc8Qw==",
      "cpu": [
        "s390x"
      ],
      "dev": true,
      "libc": [
        "glibc"
      ],
      "license": "MIT",
      "optional": true,
      "os": [
        "linux"
      ],
      "engines": {
        "node": "^20.19.0 || >=22.12.0"
      }
    },
    "node_modules/@rolldown/binding-linux-x64-gnu": {
      "version": "1.2.7",
      "resolved": "https://registry.npmjs.org/@rolldown/binding-linux-x64-gnu/-/binding-linux-x64-gnu-1.2.7.tgz",
      "integrity": "sha512-r8/z8n7GFaYRln3xmP1Cxy0HH/HLM0uBUPkEuSVEfKGDA89M0FsZRZJRSwe/tJjRx+fpH/gjorfhB8tmEbSFLA==",
      "cpu": [
        "x64"
      ],
      "dev": true,
      "libc": [
        "glibc"
      ],
      "license": "MIT",
      "optional": true,
      "os": [
        "linux"
      ],
      "engines": {
        "node": "^20.19.0 || >=22.12.0"
      }
    },
    "node_modules/@rolldown/binding-linux-x64-musl": {
      "version": "1.2.7",
      "resolved": "https://registry.npmjs.org/@rolldown/binding-linux-x64-musl/-/binding-linux-x64-musl-1.2.7.tgz",
      "integrity": "sha512-pAsE8iiDxUg1xBqdhrTfg45AVDVpirjz00sblEYClGNNcMnDb+e8beQgqIAw6LvauX/APvgxUnwrgun/YYGBhw==",
      "cpu": [
        "x64"
      ],
      "dev": true,
      "libc": [
        "musl"
      ],
      "license": "MIT",
      "optional": true,
      "os": [
        "linux"
      ],
      "engines": {
        "node": "^20.19.0 || >=22.12.0"
      }
    },
    "node_modules/@rolldown/binding-openharmony-arm64": {
      "version": "1.2.7",
      "resolved": "https://registry.npmjs.org/@rolldown/binding-openharmony-arm64/-/binding-openharmony-arm64-1.2.7.tgz",
      "integrity": "sha512-lTcIYmmnQQA8Or/2DatS6oSqcdLHvendjS+zLu+FwgToynWMRSmQdpM65fTANJgIS4mjbMOo5KT2lnT9SAb96w==",
      "cpu": [
        "arm64"
      ],
      "dev": true,
      "license": "MIT",
      "optional": true,
      "os": [
        "openharmony"
      ],
      "engines": {
        "node": "^20.19.0 || >=22.12.0"
      }
    },
    "node_modules/@rolldown/binding-win32-arm64-msvc": {
      "version": "1.2.7",
      "resolved": "https://registry.npmjs.org/@rolldown/binding-win32-arm64-msvc/-/binding-win32-arm64-msvc-1.2.7.tgz",
      "integrity": "sha512-e3Gu3WxbNk/UqQhxqU7YIYO+9ZBvWNz3U+h/qRFosscMFzdRPbXYSaSWgSnklv2fz1TgzBTcti2z35c/7irsHw==",
      "cpu": [
        "arm64"
      ],
      "dev": true,
      "license": "MIT",
      "optional": true,
      "os": [
        "win32"
      ],
      "engines": {
        "node": "^20.19.0 || >=22.12.0"
      }
    },
    "node_modules/@rolldown/binding-win32-x64-msvc": {
      "version": "1.2.7",
      "resolved": "https://registry.npmjs.org/@rolldown/binding-win32-x64-msvc/-/binding-win32-x64-msvc-1.2.7.tgz",
      "integrity": "sha512-W/jg5qoRSqjsEv0+dZi4e687mcHqmVuU0P4fK6qS/xjetW2Gmc1W8j//z5nAeNcC8Ttm0hV46IjcYeuVwYhuiw==",
      "cpu": [
        "x64"
      ],
      "dev": true,
      "license": "MIT",
      "optional": true,
      "os": [
        "win32"
      ],
      "engines": {
        "node": "^20.19.0 || >=22.12.0"
      }
    },
    "node_modules/@rolldown/pluginutils": {
      "version": "1.0.1",
      "resolved": "https://registry.npmjs.org/@rolldown/pluginutils/-/pluginutils-1.0.1.tgz",
      "integrity": "sha512-2j9bGt5Jh8hj+vPtgzPtl72j0yRxHAyumoo6TNfAjsLB04UtpSvPbPcDcBMxz7n+9CYB0c1GxQFxYRg2jimqGw==",
      "dev": true,
      "license": "MIT"
    },
    "node_modules/ajv": {
      "version": "8.20.0",
      "resolved": "https://registry.npmjs.org/ajv/-/ajv-8.20.0.tgz",
      "integrity": "sha512-Thbli+OlOj+iMPYFBVBfJ3OmCAnaSyNn4M1vz9T6Gka5Jt9ba/HIR56joy65tY6kx/FCF5VXNB819Y7/GUrBGA==",
      "license": "MIT",
      "dependencies": {
        "fast-deep-equal": "^3.1.3",
        "fast-uri": "^3.0.1",
        "json-schema-traverse": "^1.0.0",
        "require-from-string": "^2.0.2"
      },
      "funding": {
        "type": "github",
        "url": "https://github.com/sponsors/epoberezkin"
      }
    },
    "node_modules/ajv-formats": {
      "version": "3.0.1",
      "resolved": "https://registry.npmjs.org/ajv-formats/-/ajv-formats-3.0.1.tgz",
      "integrity": "sha512-8iUql50EUR+uUcdRQ3HDqa6EVyo3docL8g5WJ3FNcWmu62IbkGUue/pEyLBW8VGKKucTPgqeks4fIU1DA4yowQ==",
      "license": "MIT",
      "dependencies": {
        "ajv": "^8.0.0"
      },
      "peerDependencies": {
        "ajv": "^8.0.0"
      },
      "peerDependenciesMeta": {
        "ajv": {
          "optional": true
        }
      }
    },
    "node_modules/commander": {
      "version": "14.0.3",
      "resolved": "https://registry.npmjs.org/commander/-/commander-14.0.3.tgz",
      "integrity": "sha512-H+y0Jo/T1RZ9qPP4Eh1pkcQcLRglraJaSLoyOtHxu6AapkjWVCy2Sit1QQ4x3Dng8qDlSsZEet7g5Pq06MvTgw==",
      "license": "MIT",
      "engines": {
        "node": ">=20"
      }
    },
    "node_modules/emulate": {
      "version": "0.10.0",
      "resolved": "https://registry.npmjs.org/emulate/-/emulate-0.10.0.tgz",
      "integrity": "sha512-UBep7swzzmwPSdRFudo7jW4ukBFlF6Pk13wgJzQHtjvZm4a5iyP6b0uatj+HZoP6kENeoi4YyLv3ELUl5D6RnA==",
      "license": "Apache-2.0",
      "dependencies": {
        "commander": "^14",
        "picocolors": "^1.1.1",
        "yaml": "^2"
      },
      "bin": {
        "emulate": "dist/index.js"
      }
    },
    "node_modules/fast-deep-equal": {
      "version": "3.1.3",
      "resolved": "https://registry.npmjs.org/fast-deep-equal/-/fast-deep-equal-3.1.3.tgz",
      "integrity": "sha512-f3qQ9oQy9j2AhBe/H9VC91wLmKBCCU/gDOnKNAYG5hswO7BLKj09Hc5HYNz9cGI++xlpDCIgDaitVs03ATR84Q==",
      "license": "MIT"
    },
    "node_modules/fast-uri": {
      "version": "3.1.7",
      "resolved": "https://registry.npmjs.org/fast-uri/-/fast-uri-3.1.7.tgz",
      "integrity": "sha512-dOvZVzjdZdz7phd9v6jCbwxrBW3fK6n8Rc0CtdmM4bumzMnxywBYhuph6J819RRw/ku+rLbelwfMunktuzVVHg==",
      "funding": [
        {
          "type": "github",
          "url": "https://github.com/sponsors/fastify"
        },
        {
          "type": "opencollective",
          "url": "https://opencollective.com/fastify"
        }
      ],
      "license": "BSD-3-Clause"
    },
    "node_modules/jose": {
      "version": "6.1.0",
      "resolved": "https://registry.npmjs.org/jose/-/jose-6.1.0.tgz",
      "integrity": "sha512-TTQJyoEoKcC1lscpVDCSsVgYzUDg/0Bt3WE//WiTPK6uOCQC2KZS4MpugbMWt/zyjkopgZoXhZuCi00gLudfUA==",
      "license": "MIT",
      "funding": {
        "url": "https://github.com/sponsors/panva"
      }
    },
    "node_modules/json-schema-traverse": {
      "version": "1.0.0",
      "resolved": "https://registry.npmjs.org/json-schema-traverse/-/json-schema-traverse-1.0.0.tgz",
      "integrity": "sha512-NM8/P9n3XjXhIZn1lLhkFaACTOURQXjWhV4BA/RnOv8xvgqtqpAX9IO4mRQxSx1Rlo4tqzeqb0sOlruaOy3dug==",
      "license": "MIT"
    },
    "node_modules/picocolors": {
      "version": "1.1.1",
      "resolved": "https://registry.npmjs.org/picocolors/-/picocolors-1.1.1.tgz",
      "integrity": "sha512-xceH2snhtb5M9liqDsmEw56le376mTZkEX/jEb/RxNFyegNul7eNslCXP9FDj/Lcu0X8KEyMceP2ntpaHrDEVA==",
      "license": "ISC"
    },
    "node_modules/require-from-string": {
      "version": "2.0.2",
      "resolved": "https://registry.npmjs.org/require-from-string/-/require-from-string-2.0.2.tgz",
      "integrity": "sha512-Xf0nWe6RseziFMu+Ap9biiUbmplq6S9/p+7w7YXP/JBHhrUDDUhwa+vANyubuqfZWTveU//DYVGsDG7RKL/vEw==",
      "license": "MIT",
      "engines": {
        "node": ">=0.10.0"
      }
    },
    "node_modules/rolldown": {
      "version": "1.2.7",
      "resolved": "https://registry.npmjs.org/rolldown/-/rolldown-1.2.7.tgz",
      "integrity": "sha512-g0EtLvBjTUB7jhyV0S/TCup3v/XSVl45vUIGbOGU4QPiyjTenCe4mKuFvW9fEgYmS2Fo42AUssRmNuMziXdrig==",
      "dev": true,
      "license": "MIT",
      "dependencies": {
        "@oxc-project/types": "=0.148.0",
        "@rolldown/pluginutils": "^1.0.0"
      },
      "bin": {
        "rolldown": "bin/cli.mjs"
      },
      "engines": {
        "node": "^20.19.0 || >=22.12.0"
      },
      "optionalDependencies": {
        "@rolldown/binding-android-arm-eabi": "1.2.7",
        "@rolldown/binding-android-arm64": "1.2.7",
        "@rolldown/binding-darwin-arm64": "1.2.7",
        "@rolldown/binding-darwin-x64": "1.2.7",
        "@rolldown/binding-freebsd-x64": "1.2.7",
        "@rolldown/binding-linux-arm-gnueabihf": "1.2.7",
        "@rolldown/binding-linux-arm64-gnu": "1.2.7",
        "@rolldown/binding-linux-arm64-musl": "1.2.7",
        "@rolldown/binding-linux-ppc64-gnu": "1.2.7",
        "@rolldown/binding-linux-s390x-gnu": "1.2.7",
        "@rolldown/binding-linux-x64-gnu": "1.2.7",
        "@rolldown/binding-linux-x64-musl": "1.2.7",
        "@rolldown/binding-openharmony-arm64": "1.2.7",
        "@rolldown/binding-win32-arm64-msvc": "1.2.7",
        "@rolldown/binding-win32-x64-msvc": "1.2.7"
      }
    },
    "node_modules/yaml": {
      "version": "2.8.1",
      "resolved": "https://registry.npmjs.org/yaml/-/yaml-2.8.1.tgz",
      "integrity": "sha512-lcYcMxX2PO9XMGvAJkJ3OsNMw+/7FKes7/hgerGUYWIoWu5j/+YQqcZr5JnPZWzOsEBgMbSbiSTn/dv/69Mkpw==",
      "license": "ISC",
      "bin": {
        "yaml": "bin.mjs"
      },
      "engines": {
        "node": ">= 14.6"
      }
    }
  }
}
